# This file is generated by running "yarn install" inside your project.
# Manual changes might be lost - proceed with caution!

__metadata:
  version: 8
  cacheKey: 10c0

"@esbuild/aix-ppc64@npm:0.19.12":
  version: 0.19.12
  resolution: "@esbuild/aix-ppc64@npm:0.19.12"
  conditions: os=aix & cpu=ppc64
  languageName: node
  linkType: hard

"@esbuild/android-arm64@npm:0.19.12":
  version: 0.19.12
  resolution: "@esbuild/android-arm64@npm:0.19.12"
  conditions: os=android & cpu=arm64
  languageName: node
  linkType: hard

"@esbuild/android-arm@npm:0.19.12":
  version: 0.19.12
  resolution: "@esbuild/android-arm@npm:0.19.12"
  conditions: os=android & cpu=arm
  languageName: node
  linkType: hard

"@esbuild/android-x64@npm:0.19.12":
  version: 0.19.12
  resolution: "@esbuild/android-x64@npm:0.19.12"
  conditions: os=android & cpu=x64
  languageName: node
  linkType: hard

"@esbuild/darwin-arm64@npm:0.19.12":
  version: 0.19.12
  resolution: "@esbuild/darwin-arm64@npm:0.19.12"
  conditions: os=darwin & cpu=arm64
  languageName: node
  linkType: hard

"@esbuild/darwin-x64@npm:0.19.12":
  version: 0.19.12
  resolution: "@esbuild/darwin-x64@npm:0.19.12"
  conditions: os=darwin & cpu=x64
  languageName: node
  linkType: hard

"@esbuild/freebsd-arm64@npm:0.19.12":
  version: 0.19.12
  resolution: "@esbuild/freebsd-arm64@npm:0.19.12"
  conditions: os=freebsd & cpu=arm64
  languageName: node
  linkType: hard

"@esbuild/freebsd-x64@npm:0.19.12":
  version: 0.19.12
  resolution: "@esbuild/freebsd-x64@npm:0.19.12"
  conditions: os=freebsd & cpu=x64
  languageName: node
  linkType: hard

"@esbuild/linux-arm64@npm:0.19.12":
  version: 0.19.12
  resolution: "@esbuild/linux-arm64@npm:0.19.12"
  conditions: os=linux & cpu=arm64
  languageName: node
  linkType: hard

"@esbuild/linux-arm@npm:0.19.12":
  version: 0.19.12
  resolution: "@esbuild/linux-arm@npm:0.19.12"
  conditions: os=linux & cpu=arm
  languageName: node
  linkType: hard

"@esbuild/linux-ia32@npm:0.19.12":
  version: 0.19.12
  resolution: "@esbuild/linux-ia32@npm:0.19.12"
  conditions: os=linux & cpu=ia32
  languageName: node
  linkType: hard

"@esbuild/linux-loong64@npm:0.19.12":
  version: 0.19.12
  resolution: "@esbuild/linux-loong64@npm:0.19.12"
  conditions: os=linux & cpu=loong64
  languageName: node
  linkType: hard

"@esbuild/linux-mips64el@npm:0.19.12":
  version: 0.19.12
  resolution: "@esbuild/linux-mips64el@npm:0.19.12"
  conditions: os=linux & cpu=mips64el
  languageName: node
  linkType: hard

"@esbuild/linux-ppc64@npm:0.19.12":
  version: 0.19.12
  resolution: "@esbuild/linux-ppc64@npm:0.19.12"
  conditions: os=linux & cpu=ppc64
  languageName: node
  linkType: hard

"@esbuild/linux-riscv64@npm:0.19.12":
  version: 0.19.12
  resolution: "@esbuild/linux-riscv64@npm:0.19.12"
  conditions: os=linux & cpu=riscv64
  languageName: node
  linkType: hard

"@esbuild/linux-s390x@npm:0.19.12":
  version: 0.19.12
  resolution: "@esbuild/linux-s390x@npm:0.19.12"
  conditions: os=linux & cpu=s390x
  languageName: node
  linkType: hard

"@esbuild/linux-x64@npm:0.19.12":
  version: 0.19.12
  resolution: "@esbuild/linux-x64@npm:0.19.12"
  conditions: os=linux & cpu=x64
  languageName: node
  linkType: hard

"@esbuild/netbsd-x64@npm:0.19.12":
  version: 0.19.12
  resolution: "@esbuild/netbsd-x64@npm:0.19.12"
  conditions: os=netbsd & cpu=x64
  languageName: node
  linkType: hard

"@esbuild/openbsd-x64@npm:0.19.12":
  version: 0.19.12
  resolution: "@esbuild/openbsd-x64@npm:0.19.12"
  conditions: os=openbsd & cpu=x64
  languageName: node
  linkType: hard

"@esbuild/sunos-x64@npm:0.19.12":
  version: 0.19.12
  resolution: "@esbuild/sunos-x64@npm:0.19.12"
  conditions: os=sunos & cpu=x64
  languageName: node
  linkType: hard

"@esbuild/win32-arm64@npm:0.19.12":
  version: 0.19.12
  resolution: "@esbuild/win32-arm64@npm:0.19.12"
  conditions: os=win32 & cpu=arm64
  languageName: node
  linkType: hard

"@esbuild/win32-ia32@npm:0.19.12":
  version: 0.19.12
  resolution: "@esbuild/win32-ia32@npm:0.19.12"
  conditions: os=win32 & cpu=ia32
  languageName: node
  linkType: hard

"@esbuild/win32-x64@npm:0.19.12":
  version: 0.19.12
  resolution: "@esbuild/win32-x64@npm:0.19.12"
  conditions: os=win32 & cpu=x64
  languageName: node
  linkType: hard

"@hotwired/stimulus@npm:^3.2.2":
  version: 3.2.2
  resolution: "@hotwired/stimulus@npm:3.2.2"
  checksum: 10c0/3793919e353d28424f57d07e6b634bf6e8821c227acfa2a608aaa8bdfe7e80479acef12705168ca866f3c231399f4a939fb0cd089aaae04c406b3d885a3b35ea
  languageName: node
  linkType: hard

"@hotwired/turbo-rails@npm:^8.0.4":
  version: 8.0.18
  resolution: "@hotwired/turbo-rails@npm:8.0.18"
  dependencies:
    "@hotwired/turbo": "npm:^8.0.18"
    "@rails/actioncable": "npm:>=7.0"
  checksum: 10c0/5a2ec94f5d2c530366bc4b8139eaae1764694a31509e7c754cda03ea0c03b56cc4f0da0d759b9e13acb11f963b2ae9aeb0b624e1db75c187fd3fc236cfb83f22
  languageName: node
  linkType: hard

"@hotwired/turbo@npm:^8.0.18":
  version: 8.0.18
  resolution: "@hotwired/turbo@npm:8.0.18"
  checksum: 10c0/5021e77441cc1730629c4c4b25113d8cc765f4ebcdc173c3fcab53124a36c682f89c1c918be8f90c1e19175e7ac0391216728135b29ebdf1e701ec27d6acc70c
  languageName: node
  linkType: hard

"@rails/actioncable@npm:>=7.0, @rails/actioncable@npm:^8.0.300":
  version: 8.0.300
  resolution: "@rails/actioncable@npm:8.0.300"
  checksum: 10c0/b93b63c57909ff5b17154a0d564ef0e68b36bcfe416c68e140c6c74bc4f156a9bc38c253d9e37ae0b8f80a29d7c6034e6296c3882735d0b8bcdfe1f256c54d80
  languageName: node
  linkType: hard

"@tailwindplus/elements@npm:^1.0.9":
  version: 1.0.18
  resolution: "@tailwindplus/elements@npm:1.0.18"
  checksum: 10c0/774166d5cf05b1151d5035f69d8a9fb42c7a9f74a9d1ab532e8922b602afd7b2bb2c4eb8e18dda9d0ea1edd8b5e2a8b88b8bd87da285b72997b4f033a1efe4cd
  languageName: node
  linkType: hard

"app@workspace:.":
  version: 0.0.0-use.local
  resolution: "app@workspace:."
  dependencies:
    "@hotwired/stimulus": "npm:^3.2.2"
    "@hotwired/turbo-rails": "npm:^8.0.4"
    "@rails/actioncable": "npm:^8.0.300"
    "@tailwindplus/elements": "npm:^1.0.9"
    esbuild: "npm:^0.19.5"
  languageName: unknown
  linkType: soft

"esbuild@npm:^0.19.5":
  version: 0.19.12
  resolution: "esbuild@npm:0.19.12"
  dependencies:
    "@esbuild/aix-ppc64": "npm:0.19.12"
    "@esbuild/android-arm": "npm:0.19.12"
    "@esbuild/android-arm64": "npm:0.19.12"
    "@esbuild/android-x64": "npm:0.19.12"
    "@esbuild/darwin-arm64": "npm:0.19.12"
    "@esbuild/darwin-x64": "npm:0.19.12"
    "@esbuild/freebsd-arm64": "npm:0.19.12"
    "@esbuild/freebsd-x64": "npm:0.19.12"
    "@esbuild/linux-arm": "npm:0.19.12"
    "@esbuild/linux-arm64": "npm:0.19.12"
    "@esbuild/linux-ia32": "npm:0.19.12"
    "@esbuild/linux-loong64": "npm:0.19.12"
    "@esbuild/linux-mips64el": "npm:0.19.12"
    "@esbuild/linux-ppc64": "npm:0.19.12"
    "@esbuild/linux-riscv64": "npm:0.19.12"
    "@esbuild/linux-s390x": "npm:0.19.12"
    "@esbuild/linux-x64": "npm:0.19.12"
    "@esbuild/netbsd-x64": "npm:0.19.12"
    "@esbuild/openbsd-x64": "npm:0.19.12"
    "@esbuild/sunos-x64": "npm:0.19.12"
    "@esbuild/win32-arm64": "npm:0.19.12"
    "@esbuild/win32-ia32": "npm:0.19.12"
    "@esbuild/win32-x64": "npm:0.19.12"
  dependenciesMeta:
    "@esbuild/aix-ppc64":
      optional: true
    "@esbuild/android-arm":
      optional: true
    "@esbuild/android-arm64":
      optional: true
    "@esbuild/android-x64":
      optional: true
    "@esbuild/darwin-arm64":
      optional: true
    "@esbuild/darwin-x64":
      optional: true
    "@esbuild/freebsd-arm64":
      optional: true
    "@esbuild/freebsd-x64":
      optional: true
    "@esbuild/linux-arm":
      optional: true
    "@esbuild/linux-arm64":
      optional: true
    "@esbuild/linux-ia32":
      optional: true
    "@esbuild/linux-loong64":
      optional: true
    "@esbuild/linux-mips64el":
      optional: true
    "@esbuild/linux-ppc64":
      optional: true
    "@esbuild/linux-riscv64":
      optional: true
    "@esbuild/linux-s390x":
      optional: true
    "@esbuild/linux-x64":
      optional: true
    "@esbuild/netbsd-x64":
      optional: true
    "@esbuild/openbsd-x64":
      optional: true
    "@esbuild/sunos-x64":
      optional: true
    "@esbuild/win32-arm64":
      optional: true
    "@esbuild/win32-ia32":
      optional: true
    "@esbuild/win32-x64":
      optional: true
  bin:
    esbuild: bin/esbuild
  checksum: 10c0/0f2d21ffe24ebead64843f87c3aebe2e703a5ed9feb086a0728b24907fac2eb9923e4a79857d3df9059c915739bd7a870dd667972eae325c67f478b592b8582d
  languageName: node
  linkType: hard
